// !$*UTF8*$!
{
	archiveVersion = 1;
	classes = {
	};
	objectVersion = 48;
	objects = {

/* Begin PBXBuildFile section */
		2D504BEF1FA100E20019B279 /* AppDelegate.swift in Sources */ = {isa = PBXBuildFile; fileRef = 2D504BEE1FA100E20019B279 /* AppDelegate.swift */; };
		2D504BF11FA100E20019B279 /* ViewController.swift in Sources */ = {isa = PBXBuildFile; fileRef = 2D504BF01FA100E20019B279 /* ViewController.swift */; };
		2D504BF41FA100E20019B279 /* Main.storyboard in Resources */ = {isa = PBXBuildFile; fileRef = 2D504BF21FA100E20019B279 /* Main.storyboard */; };
		2D504BF91FA100E20019B279 /* Images.xcassets in Resources */ = {isa = PBXBuildFile; fileRef = 2D504BF81FA100E20019B279 /* Images.xcassets */; };
		2D504BFC1FA100E20019B279 /* LaunchScreen.storyboard in Resources */ = {isa = PBXBuildFile; fileRef = 2D504BFA1FA100E20019B279 /* LaunchScreen.storyboard */; };
		2DC96ADE1FA5DD32006B5881 /* Constants.swift in Sources */ = {isa = PBXBuildFile; fileRef = 2DC96ADD1FA5DD32006B5881 /* Constants.swift */; };
		74DED3FC2289C08D00D4CBD1 /* InjectLocation.js in Resources */ = {isa = PBXBuildFile; fileRef = 74DED3FB2289C08D00D4CBD1 /* InjectLocation.js */; };
		74E1C2DA228D8A9C0047EA0B /* ConfigLoader.swift in Sources */ = {isa = PBXBuildFile; fileRef = 74E1C2D9228D8A9C0047EA0B /* ConfigLoader.swift */; };
		74E1C2DC228D8CE40047EA0B /* Config.env in Resources */ = {isa = PBXBuildFile; fileRef = 74E1C2DB228D8CE40047EA0B /* Config.env */; };
		74E1C2DE228D94390047EA0B /* Colors.swift in Sources */ = {isa = PBXBuildFile; fileRef = 74E1C2DD228D94390047EA0B /* Colors.swift */; };
/* End PBXBuildFile section */

/* Begin PBXFileReference section */
		2D504BEB1FA100E20019B279 /* ios-pwa-wrapper.app */ = {isa = PBXFileReference; explicitFileType = wrapper.application; includeInIndex = 0; path = "ios-pwa-wrapper.app"; sourceTree = BUILT_PRODUCTS_DIR; };
		2D504BEE1FA100E20019B279 /* AppDelegate.swift */ = {isa = PBXFileReference; lastKnownFileType = sourcecode.swift; path = AppDelegate.swift; sourceTree = "<group>"; };
		2D504BF01FA100E20019B279 /* ViewController.swift */ = {isa = PBXFileReference; lastKnownFileType = sourcecode.swift; path = ViewController.swift; sourceTree = "<group>"; };
		2D504BF31FA100E20019B279 /* Base */ = {isa = PBXFileReference; lastKnownFileType = file.storyboard; name = Base; path = Base.lproj/Main.storyboard; sourceTree = "<group>"; };
		2D504BF81FA100E20019B279 /* Images.xcassets */ = {isa = PBXFileReference; lastKnownFileType = folder.assetcatalog; path = Images.xcassets; sourceTree = "<group>"; };
		2D504BFB1FA100E20019B279 /* Base */ = {isa = PBXFileReference; lastKnownFileType = file.storyboard; name = Base; path = Base.lproj/LaunchScreen.storyboard; sourceTree = "<group>"; };
		2D504BFD1FA100E20019B279 /* Info.plist */ = {isa = PBXFileReference; lastKnownFileType = text.plist.xml; path = Info.plist; sourceTree = "<group>"; };
		2D64358A1FA62B5800ECC5D2 /* en */ = {isa = PBXFileReference; lastKnownFileType = text.plist.strings; name = en; path = en.lproj/Main.strings; sourceTree = "<group>"; };
		2D9480D21FA8B96000ED0A97 /* de */ = {isa = PBXFileReference; lastKnownFileType = text.plist.strings; name = de; path = de.lproj/Main.strings; sourceTree = "<group>"; };
		2DC96ADD1FA5DD32006B5881 /* Constants.swift */ = {isa = PBXFileReference; lastKnownFileType = sourcecode.swift; path = Constants.swift; sourceTree = "<group>"; };
		74DED3F322899FF300D4CBD1 /* ios-pwa-wrapper.entitlements */ = {isa = PBXFileReference; lastKnownFileType = text.plist.entitlements; path = "ios-pwa-wrapper.entitlements"; sourceTree = "<group>"; };
		74DED3FB2289C08D00D4CBD1 /* InjectLocation.js */ = {isa = PBXFileReference; fileEncoding = 4; lastKnownFileType = sourcecode.javascript; path = InjectLocation.js; sourceTree = "<group>"; };
		74E1C2D9228D8A9C0047EA0B /* ConfigLoader.swift */ = {isa = PBXFileReference; lastKnownFileType = sourcecode.swift; path = ConfigLoader.swift; sourceTree = "<group>"; };
		74E1C2DB228D8CE40047EA0B /* Config.env */ = {isa = PBXFileReference; lastKnownFileType = text; path = Config.env; sourceTree = "<group>"; };
		74E1C2DD228D94390047EA0B /* Colors.swift */ = {isa = PBXFileReference; fileEncoding = 4; lastKnownFileType = sourcecode.swift; path = Colors.swift; sourceTree = "<group>"; };
/* End PBXFileReference section */

/* Begin PBXFrameworksBuildPhase section */
		2D504BE81FA100E20019B279 /* Frameworks */ = {
			isa = PBXFrameworksBuildPhase;
			buildActionMask = 2147483647;
			files = (
			);
			runOnlyForDeploymentPostprocessing = 0;
		};
/* End PBXFrameworksBuildPhase section */

/* Begin PBXGroup section */
		2D504BE21FA100E20019B279 = {
			isa = PBXGroup;
			children = (
				2D504BED1FA100E20019B279 /* ios-pwa-wrapper */,
				2D504BEC1FA100E20019B279 /* Products */,
				74DED3F42289A00600D4CBD1 /* Frameworks */,
			);
			sourceTree = "<group>";
		};
		2D504BEC1FA100E20019B279 /* Products */ = {
			isa = PBXGroup;
			children = (
				2D504BEB1FA100E20019B279 /* ios-pwa-wrapper.app */,
			);
			name = Products;
			sourceTree = "<group>";
		};
		2D504BED1FA100E20019B279 /* ios-pwa-wrapper */ = {
			isa = PBXGroup;
			children = (
				74DED3FB2289C08D00D4CBD1 /* InjectLocation.js */,
				74DED3F322899FF300D4CBD1 /* ios-pwa-wrapper.entitlements */,
				2D504BEE1FA100E20019B279 /* AppDelegate.swift */,
				2D504BF01FA100E20019B279 /* ViewController.swift */,
				2D504BF21FA100E20019B279 /* Main.storyboard */,
				2D504BF81FA100E20019B279 /* Images.xcassets */,
				2D504BFA1FA100E20019B279 /* LaunchScreen.storyboard */,
				2D504BFD1FA100E20019B279 /* Info.plist */,
				2DC96ADD1FA5DD32006B5881 /* Constants.swift */,
				74E1C2DD228D94390047EA0B /* Colors.swift */,
				74E1C2D9228D8A9C0047EA0B /* ConfigLoader.swift */,
				74E1C2DB228D8CE40047EA0B /* Config.env */,
			);
			path = "ios-pwa-wrapper";
			sourceTree = "<group>";
		};
		74DED3F42289A00600D4CBD1 /* Frameworks */ = {
			isa = PBXGroup;
			children = (
			);
			name = Frameworks;
			sourceTree = "<group>";
		};
/* End PBXGroup section */

/* Begin PBXNativeTarget section */
		2D504BEA1FA100E20019B279 /* ios-pwa-wrapper */ = {
			isa = PBXNativeTarget;
			buildConfigurationList = 2D504C161FA100E20019B279 /* Build configuration list for PBXNativeTarget "ios-pwa-wrapper" */;
			buildPhases = (
				2D504BE71FA100E20019B279 /* Sources */,
				2D504BE81FA100E20019B279 /* Frameworks */,
				2D504BE91FA100E20019B279 /* Resources */,
			);
			buildRules = (
			);
			dependencies = (
			);
			name = "ios-pwa-wrapper";
			productName = "ios-pwa-wrapper";
			productReference = 2D504BEB1FA100E20019B279 /* ios-pwa-wrapper.app */;
			productType = "com.apple.product-type.application";
		};
/* End PBXNativeTarget section */

/* Begin PBXProject section */
		2D504BE31FA100E20019B279 /* Project object */ = {
			isa = PBXProject;
			attributes = {
				KnownAssetTags = (
					javascript,
				);
				LastSwiftUpdateCheck = 0900;
				LastUpgradeCheck = 1020;
				ORGANIZATIONNAME = Sozialhelden;
				TargetAttributes = {
					2D504BEA1FA100E20019B279 = {
						CreatedOnToolsVersion = 9.0.1;
						DevelopmentTeam = LY797X36V6;
						LastSwiftMigration = 1020;
						ProvisioningStyle = Automatic;
						SystemCapabilities = {
							com.apple.ApplicationGroups.iOS = {
								enabled = 0;
							};
							com.apple.Maps.iOS = {
								enabled = 0;
							};
						};
					};
				};
			};
			buildConfigurationList = 2D504BE61FA100E20019B279 /* Build configuration list for PBXProject "ios-pwa-wrapper" */;
			compatibilityVersion = "Xcode 8.0";
			developmentRegion = en;
			hasScannedForEncodings = 0;
			knownRegions = (
				en,
				Base,
				de,
			);
			mainGroup = 2D504BE21FA100E20019B279;
			productRefGroup = 2D504BEC1FA100E20019B279 /* Products */;
			projectDirPath = "";
			projectRoot = "";
			targets = (
				2D504BEA1FA100E20019B279 /* ios-pwa-wrapper */,
			);
		};
/* End PBXProject section */

/* Begin PBXResourcesBuildPhase section */
		2D504BE91FA100E20019B279 /* Resources */ = {
			isa = PBXResourcesBuildPhase;
			buildActionMask = 2147483647;
			files = (
				2D504BFC1FA100E20019B279 /* LaunchScreen.storyboard in Resources */,
				2D504BF91FA100E20019B279 /* Images.xcassets in Resources */,
				74DED3FC2289C08D00D4CBD1 /* InjectLocation.js in Resources */,
				74E1C2DC228D8CE40047EA0B /* Config.env in Resources */,
				2D504BF41FA100E20019B279 /* Main.storyboard in Resources */,
			);
			runOnlyForDeploymentPostprocessing = 0;
		};
/* End PBXResourcesBuildPhase section */

/* Begin PBXSourcesBuildPhase section */
		2D504BE71FA100E20019B279 /* Sources */ = {
			isa = PBXSourcesBuildPhase;
			buildActionMask = 2147483647;
			files = (
				2D504BF11FA100E20019B279 /* ViewController.swift in Sources */,
				74E1C2DE228D94390047EA0B /* Colors.swift in Sources */,
				2D504BEF1FA100E20019B279 /* AppDelegate.swift in Sources */,
				74E1C2DA228D8A9C0047EA0B /* ConfigLoader.swift in Sources */,
				2DC96ADE1FA5DD32006B5881 /* Constants.swift in Sources */,
			);
			runOnlyForDeploymentPostprocessing = 0;
		};
/* End PBXSourcesBuildPhase section */

/* Begin PBXVariantGroup section */
		2D504BF21FA100E20019B279 /* Main.storyboard */ = {
			isa = PBXVariantGroup;
			children = (
				2D504BF31FA100E20019B279 /* Base */,
				2D64358A1FA62B5800ECC5D2 /* en */,
				2D9480D21FA8B96000ED0A97 /* de */,
			);
			name = Main.storyboard;
			sourceTree = "<group>";
		};
		2D504BFA1FA100E20019B279 /* LaunchScreen.storyboard */ = {
			isa = PBXVariantGroup;
			children = (
				2D504BFB1FA100E20019B279 /* Base */,
			);
			name = LaunchScreen.storyboard;
			sourceTree = "<group>";
		};
/* End PBXVariantGroup section */

/* Begin XCBuildConfiguration section */
		2D504C141FA100E20019B279 /* Debug */ = {
			isa = XCBuildConfiguration;
			buildSettings = {
				ALWAYS_SEARCH_USER_PATHS = NO;
				CLANG_ANALYZER_LOCALIZABILITY_NONLOCALIZED = YES;
				CLANG_ANALYZER_NONNULL = YES;
				CLANG_ANALYZER_NUMBER_OBJECT_CONVERSION = YES_AGGRESSIVE;
				CLANG_CXX_LANGUAGE_STANDARD = "gnu++14";
				CLANG_CXX_LIBRARY = "libc++";
				CLANG_ENABLE_MODULES = YES;
				CLANG_ENABLE_OBJC_ARC = YES;
				CLANG_WARN_BLOCK_CAPTURE_AUTORELEASING = YES;
				CLANG_WARN_BOOL_CONVERSION = YES;
				CLANG_WARN_COMMA = YES;
				CLANG_WARN_CONSTANT_CONVERSION = YES;
				CLANG_WARN_DEPRECATED_OBJC_IMPLEMENTATIONS = YES;
				CLANG_WARN_DIRECT_OBJC_ISA_USAGE = YES_ERROR;
				CLANG_WARN_DOCUMENTATION_COMMENTS = YES;
				CLANG_WARN_EMPTY_BODY = YES;
				CLANG_WARN_ENUM_CONVERSION = YES;
				CLANG_WARN_INFINITE_RECURSION = YES;
				CLANG_WARN_INT_CONVERSION = YES;
				CLANG_WARN_NON_LITERAL_NULL_CONVERSION = YES;
				CLANG_WARN_OBJC_IMPLICIT_RETAIN_SELF = YES;
				CLANG_WARN_OBJC_LITERAL_CONVERSION = YES;
				CLANG_WARN_OBJC_ROOT_CLASS = YES_ERROR;
				CLANG_WARN_RANGE_LOOP_ANALYSIS = YES;
				CLANG_WARN_STRICT_PROTOTYPES = YES;
				CLANG_WARN_SUSPICIOUS_MOVE = YES;
				CLANG_WARN_UNGUARDED_AVAILABILITY = YES_AGGRESSIVE;
				CLANG_WARN_UNREACHABLE_CODE = YES;
				CLANG_WARN__DUPLICATE_METHOD_MATCH = YES;
				CODE_SIGN_IDENTITY = "iPhone Developer";
				COPY_PHASE_STRIP = NO;
				DEBUG_INFORMATION_FORMAT = dwarf;
				ENABLE_STRICT_OBJC_MSGSEND = YES;
				ENABLE_TESTABILITY = YES;
				GCC_C_LANGUAGE_STANDARD = gnu11;
				GCC_DYNAMIC_NO_PIC = NO;
				GCC_NO_COMMON_BLOCKS = YES;
				GCC_OPTIMIZATION_LEVEL = 0;
				GCC_PREPROCESSOR_DEFINITIONS = (
					"DEBUG=1",
					"$(inherited)",
				);
				GCC_WARN_64_TO_32_BIT_CONVERSION = YES;
				GCC_WARN_ABOUT_RETURN_TYPE = YES_ERROR;
				GCC_WARN_UNDECLARED_SELECTOR = YES;
				GCC_WARN_UNINITIALIZED_AUTOS = YES_AGGRESSIVE;
				GCC_WARN_UNUSED_FUNCTION = YES;
				GCC_WARN_UNUSED_VARIABLE = YES;
				IPHONEOS_DEPLOYMENT_TARGET = 10.0;
				MTL_ENABLE_DEBUG_INFO = YES;
				ONLY_ACTIVE_ARCH = YES;
				SDKROOT = iphoneos;
				SWIFT_ACTIVE_COMPILATION_CONDITIONS = DEBUG;
				SWIFT_OPTIMIZATION_LEVEL = "-Onone";
			};
			name = Debug;
		};
		2D504C151FA100E20019B279 /* Release */ = {
			isa = XCBuildConfiguration;
			buildSettings = {
				ALWAYS_SEARCH_USER_PATHS = NO;
				CLANG_ANALYZER_LOCALIZABILITY_NONLOCALIZED = YES;
				CLANG_ANALYZER_NONNULL = YES;
				CLANG_ANALYZER_NUMBER_OBJECT_CONVERSION = YES_AGGRESSIVE;
				CLANG_CXX_LANGUAGE_STANDARD = "gnu++14";
				CLANG_CXX_LIBRARY = "libc++";
				CLANG_ENABLE_MODULES = YES;
				CLANG_ENABLE_OBJC_ARC = YES;
				CLANG_WARN_BLOCK_CAPTURE_AUTORELEASING = YES;
				CLANG_WARN_BOOL_CONVERSION = YES;
				CLANG_WARN_COMMA = YES;
				CLANG_WARN_CONSTANT_CONVERSION = YES;
				CLANG_WARN_DEPRECATED_OBJC_IMPLEMENTATIONS = YES;
				CLANG_WARN_DIRECT_OBJC_ISA_USAGE = YES_ERROR;
				CLANG_WARN_DOCUMENTATION_COMMENTS = YES;
				CLANG_WARN_EMPTY_BODY = YES;
				CLANG_WARN_ENUM_CONVERSION = YES;
				CLANG_WARN_INFINITE_RECURSION = YES;
				CLANG_WARN_INT_CONVERSION = YES;
				CLANG_WARN_NON_LITERAL_NULL_CONVERSION = YES;
				CLANG_WARN_OBJC_IMPLICIT_RETAIN_SELF = YES;
				CLANG_WARN_OBJC_LITERAL_CONVERSION = YES;
				CLANG_WARN_OBJC_ROOT_CLASS = YES_ERROR;
				CLANG_WARN_RANGE_LOOP_ANALYSIS = YES;
				CLANG_WARN_STRICT_PROTOTYPES = YES;
				CLANG_WARN_SUSPICIOUS_MOVE = YES;
				CLANG_WARN_UNGUARDED_AVAILABILITY = YES_AGGRESSIVE;
				CLANG_WARN_UNREACHABLE_CODE = YES;
				CLANG_WARN__DUPLICATE_METHOD_MATCH = YES;
				CODE_SIGN_IDENTITY = "iPhone Distribution";
				COPY_PHASE_STRIP = NO;
				DEBUG_INFORMATION_FORMAT = "dwarf-with-dsym";
				ENABLE_NS_ASSERTIONS = NO;
				ENABLE_STRICT_OBJC_MSGSEND = YES;
				GCC_C_LANGUAGE_STANDARD = gnu11;
				GCC_NO_COMMON_BLOCKS = YES;
				GCC_WARN_64_TO_32_BIT_CONVERSION = YES;
				GCC_WARN_ABOUT_RETURN_TYPE = YES_ERROR;
				GCC_WARN_UNDECLARED_SELECTOR = YES;
				GCC_WARN_UNINITIALIZED_AUTOS = YES_AGGRESSIVE;
				GCC_WARN_UNUSED_FUNCTION = YES;
				GCC_WARN_UNUSED_VARIABLE = YES;
				IPHONEOS_DEPLOYMENT_TARGET = 10.0;
				MTL_ENABLE_DEBUG_INFO = NO;
				SDKROOT = iphoneos;
				SWIFT_OPTIMIZATION_LEVEL = "-Owholemodule";
				VALIDATE_PRODUCT = YES;
			};
			name = Release;
		};
		2D504C171FA100E20019B279 /* Debug */ = {
			isa = XCBuildConfiguration;
			buildSettings = {
				ASSETCATALOG_COMPILER_APPICON_NAME = AppIcon;
				"CODE_SIGN_IDENTITY[sdk=iphoneos*]" = "iPhone Developer";
				CODE_SIGN_STYLE = Automatic;
				CURRENT_PROJECT_VERSION = 2;
				DEVELOPMENT_TEAM = LY797X36V6;
				INFOPLIST_FILE = "ios-pwa-wrapper/Info.plist";
				IPHONEOS_DEPLOYMENT_TARGET = 10.0;
				LD_RUNPATH_SEARCH_PATHS = "$(inherited) @executable_path/Frameworks";
				PRODUCT_BUNDLE_IDENTIFIER = de.sozialhelden.wheelmap.iphone;
				PRODUCT_NAME = "$(TARGET_NAME)";
				PROVISIONING_PROFILE_SPECIFIER = "";
				SWIFT_VERSION = 5.0;
				TARGETED_DEVICE_FAMILY = "1,2";
				VERSIONING_SYSTEM = "apple-generic";
			};
			name = Debug;
		};
		2D504C181FA100E20019B279 /* Release */ = {
			isa = XCBuildConfiguration;
			buildSettings = {
				ASSETCATALOG_COMPILER_APPICON_NAME = AppIcon;
				"CODE_SIGN_IDENTITY[sdk=iphoneos*]" = "iPhone Developer";
				CODE_SIGN_STYLE = Automatic;
				CURRENT_PROJECT_VERSION = 2;
				DEVELOPMENT_TEAM = LY797X36V6;
				INFOPLIST_FILE = "ios-pwa-wrapper/Info.plist";
				IPHONEOS_DEPLOYMENT_TARGET = 10.0;
				LD_RUNPATH_SEARCH_PATHS = "$(inherited) @executable_path/Frameworks";
				PRODUCT_BUNDLE_IDENTIFIER = de.sozialhelden.wheelmap.iphone;
				PRODUCT_NAME = "$(TARGET_NAME)";
				PROVISIONING_PROFILE_SPECIFIER = "";
				SWIFT_VERSION = 5.0;
				TARGETED_DEVICE_FAMILY = "1,2";
				VERSIONING_SYSTEM = "apple-generic";
			};
			name = Release;
		};
/* End XCBuildConfiguration section */

/* Begin XCConfigurationList section */
		2D504BE61FA100E20019B279 /* Build configuration list for PBXProject "ios-pwa-wrapper" */ = {
			isa = XCConfigurationList;
			buildConfigurations = (
				2D504C141FA100E20019B279 /* Debug */,
				2D504C151FA100E20019B279 /* Release */,
			);
			defaultConfigurationIsVisible = 0;
			defaultConfigurationName = Release;
		};
		2D504C161FA100E20019B279 /* Build configuration list for PBXNativeTarget "ios-pwa-wrapper" */ = {
			isa = XCConfigurationList;
			buildConfigurations = (
				2D504C171FA100E20019B279 /* Debug */,
				2D504C181FA100E20019B279 /* Release */,
			);
			defaultConfigurationIsVisible = 0;
			defaultConfigurationName = Release;
		};
/* End XCConfigurationList section */
	};
	rootObject = 2D504BE31FA100E20019B279 /* Project object */;
}
